// !$*UTF8*$!
{
	archiveVersion = 1;
	classes = {
	};
	objectVersion = 46;
	objects = {

/* Begin PBXBuildFile section */
		AD02DA7A663DB6375D5BB71F /* Pods_Ours.framework in Frameworks */ = {isa = PBXBuildFile; fileRef = CC3110DD976929BE238247C3 /* Pods_Ours.framework */; };
		B70F890A1C92596800F9062F /* OursConfig.swift in Sources */ = {isa = PBXBuildFile; fileRef = B70F89091C92596800F9062F /* OursConfig.swift */; };
		B70F890F1C927D8A00F9062F /* OurHomeTabBarController.swift in Sources */ = {isa = PBXBuildFile; fileRef = B70F890E1C927D8A00F9062F /* OurHomeTabBarController.swift */; };
		B79538A91C93C9940005C829 /* OursUserDefault.swift in Sources */ = {isa = PBXBuildFile; fileRef = B79538A81C93C9940005C829 /* OursUserDefault.swift */; };
		B79538AF1C93EBB20005C829 /* RoundImageView.swift in Sources */ = {isa = PBXBuildFile; fileRef = B79538AE1C93EBB20005C829 /* RoundImageView.swift */; };
		B79538B11C952C000005C829 /* PickAvatarViewController.swift in Sources */ = {isa = PBXBuildFile; fileRef = B79538B01C952C000005C829 /* PickAvatarViewController.swift */; };
		B79538B31C95345A0005C829 /* OursAlert.swift in Sources */ = {isa = PBXBuildFile; fileRef = B79538B21C95345A0005C829 /* OursAlert.swift */; };
		B79538B51C9543FF0005C829 /* PickNickNameViewController.swift in Sources */ = {isa = PBXBuildFile; fileRef = B79538B41C9543FF0005C829 /* PickNickNameViewController.swift */; };
		B7A8B6451C916FE500127C70 /* AppDelegate.swift in Sources */ = {isa = PBXBuildFile; fileRef = B7A8B6441C916FE500127C70 /* AppDelegate.swift */; };
		B7A8B64A1C916FE500127C70 /* Main.storyboard in Resources */ = {isa = PBXBuildFile; fileRef = B7A8B6481C916FE500127C70 /* Main.storyboard */; };
		B7A8B64C1C916FE500127C70 /* Assets.xcassets in Resources */ = {isa = PBXBuildFile; fileRef = B7A8B64B1C916FE500127C70 /* Assets.xcassets */; };
		B7A8B64F1C916FE500127C70 /* LaunchScreen.storyboard in Resources */ = {isa = PBXBuildFile; fileRef = B7A8B64D1C916FE500127C70 /* LaunchScreen.storyboard */; };
		B7B200301C9EE58C00B3AFD6 /* QueryDataBase.swift in Sources */ = {isa = PBXBuildFile; fileRef = B7B2002F1C9EE58C00B3AFD6 /* QueryDataBase.swift */; };
		B7B200321C9EFBC300B3AFD6 /* OursConstants.swift in Sources */ = {isa = PBXBuildFile; fileRef = B7B200311C9EFBC300B3AFD6 /* OursConstants.swift */; };
		B7D634741C91CD5400F5FEB9 /* DigitsKit.framework in Frameworks */ = {isa = PBXBuildFile; fileRef = B7D634711C91CD5400F5FEB9 /* DigitsKit.framework */; };
		B7D634751C91CD5400F5FEB9 /* DigitsKitResources.bundle in Resources */ = {isa = PBXBuildFile; fileRef = B7D634721C91CD5400F5FEB9 /* DigitsKitResources.bundle */; };
		B7D634761C91CD5400F5FEB9 /* TwitterCore.framework in Frameworks */ = {isa = PBXBuildFile; fileRef = B7D634731C91CD5400F5FEB9 /* TwitterCore.framework */; };
		B7D634781C91E1AE00F5FEB9 /* LogInWithPhoneViewController.swift in Sources */ = {isa = PBXBuildFile; fileRef = B7D634771C91E1AE00F5FEB9 /* LogInWithPhoneViewController.swift */; };
		B7DA1DEB1C97A8A30035AEA3 /* ChattingViewController.swift in Sources */ = {isa = PBXBuildFile; fileRef = B7DA1DEA1C97A8A30035AEA3 /* ChattingViewController.swift */; };
		B7DA1DED1C97A96F0035AEA3 /* Message.swift in Sources */ = {isa = PBXBuildFile; fileRef = B7DA1DEC1C97A96F0035AEA3 /* Message.swift */; };
		B7E1EAB11C97B5970085E228 /* MessageTableViewCell.swift in Sources */ = {isa = PBXBuildFile; fileRef = B7E1EAB01C97B5970085E228 /* MessageTableViewCell.swift */; };
		B7E1EAC71C97DDBE0085E228 /* RightCellViewCell.swift in Sources */ = {isa = PBXBuildFile; fileRef = B7E1EAC61C97DDBE0085E228 /* RightCellViewCell.swift */; };
		B7E1EAF11C98417E0085E228 /* ConversationViewController.swift in Sources */ = {isa = PBXBuildFile; fileRef = B7E1EAF01C98417E0085E228 /* ConversationViewController.swift */; };
		B7E1EB121C9957DB0085E228 /* ConfigChattingViewCell.swift in Sources */ = {isa = PBXBuildFile; fileRef = B7E1EB111C9957DB0085E228 /* ConfigChattingViewCell.swift */; };
/* End PBXBuildFile section */

/* Begin PBXFileReference section */
		3857BA636D00BBB48E9E6AAF /* Pods-Ours.debug.xcconfig */ = {isa = PBXFileReference; includeInIndex = 1; lastKnownFileType = text.xcconfig; name = "Pods-Ours.debug.xcconfig"; path = "Pods/Target Support Files/Pods-Ours/Pods-Ours.debug.xcconfig"; sourceTree = "<group>"; };
		7722582DDAA68EBA20EA6522 /* Pods-Ours.release.xcconfig */ = {isa = PBXFileReference; includeInIndex = 1; lastKnownFileType = text.xcconfig; name = "Pods-Ours.release.xcconfig"; path = "Pods/Target Support Files/Pods-Ours/Pods-Ours.release.xcconfig"; sourceTree = "<group>"; };
		B70F89091C92596800F9062F /* OursConfig.swift */ = {isa = PBXFileReference; fileEncoding = 4; lastKnownFileType = sourcecode.swift; path = OursConfig.swift; sourceTree = "<group>"; };
		B70F890E1C927D8A00F9062F /* OurHomeTabBarController.swift */ = {isa = PBXFileReference; fileEncoding = 4; lastKnownFileType = sourcecode.swift; path = OurHomeTabBarController.swift; sourceTree = "<group>"; };
		B79538A81C93C9940005C829 /* OursUserDefault.swift */ = {isa = PBXFileReference; fileEncoding = 4; lastKnownFileType = sourcecode.swift; path = OursUserDefault.swift; sourceTree = "<group>"; };
		B79538AE1C93EBB20005C829 /* RoundImageView.swift */ = {isa = PBXFileReference; fileEncoding = 4; lastKnownFileType = sourcecode.swift; path = RoundImageView.swift; sourceTree = "<group>"; };
		B79538B01C952C000005C829 /* PickAvatarViewController.swift */ = {isa = PBXFileReference; fileEncoding = 4; lastKnownFileType = sourcecode.swift; path = PickAvatarViewController.swift; sourceTree = "<group>"; };
		B79538B21C95345A0005C829 /* OursAlert.swift */ = {isa = PBXFileReference; fileEncoding = 4; lastKnownFileType = sourcecode.swift; path = OursAlert.swift; sourceTree = "<group>"; };
		B79538B41C9543FF0005C829 /* PickNickNameViewController.swift */ = {isa = PBXFileReference; fileEncoding = 4; lastKnownFileType = sourcecode.swift; path = PickNickNameViewController.swift; sourceTree = "<group>"; };
		B7A8B6411C916FE500127C70 /* Ours.app */ = {isa = PBXFileReference; explicitFileType = wrapper.application; includeInIndex = 0; path = Ours.app; sourceTree = BUILT_PRODUCTS_DIR; };
		B7A8B6441C916FE500127C70 /* AppDelegate.swift */ = {isa = PBXFileReference; lastKnownFileType = sourcecode.swift; path = AppDelegate.swift; sourceTree = "<group>"; };
		B7A8B6491C916FE500127C70 /* Base */ = {isa = PBXFileReference; lastKnownFileType = file.storyboard; name = Base; path = Base.lproj/Main.storyboard; sourceTree = "<group>"; };
		B7A8B64B1C916FE500127C70 /* Assets.xcassets */ = {isa = PBXFileReference; lastKnownFileType = folder.assetcatalog; path = Assets.xcassets; sourceTree = "<group>"; };
		B7A8B64E1C916FE500127C70 /* Base */ = {isa = PBXFileReference; lastKnownFileType = file.storyboard; name = Base; path = Base.lproj/LaunchScreen.storyboard; sourceTree = "<group>"; };
		B7A8B6501C916FE500127C70 /* Info.plist */ = {isa = PBXFileReference; lastKnownFileType = text.plist.xml; path = Info.plist; sourceTree = "<group>"; };
		B7B2002F1C9EE58C00B3AFD6 /* QueryDataBase.swift */ = {isa = PBXFileReference; fileEncoding = 4; lastKnownFileType = sourcecode.swift; path = QueryDataBase.swift; sourceTree = "<group>"; };
		B7B200311C9EFBC300B3AFD6 /* OursConstants.swift */ = {isa = PBXFileReference; fileEncoding = 4; lastKnownFileType = sourcecode.swift; path = OursConstants.swift; sourceTree = "<group>"; };
		B7D634711C91CD5400F5FEB9 /* DigitsKit.framework */ = {isa = PBXFileReference; lastKnownFileType = wrapper.framework; path = DigitsKit.framework; sourceTree = "<group>"; };
		B7D634721C91CD5400F5FEB9 /* DigitsKitResources.bundle */ = {isa = PBXFileReference; lastKnownFileType = "wrapper.plug-in"; name = DigitsKitResources.bundle; path = DigitsKit.framework/Versions/A/Resources/DigitsKitResources.bundle; sourceTree = "<group>"; };
		B7D634731C91CD5400F5FEB9 /* TwitterCore.framework */ = {isa = PBXFileReference; lastKnownFileType = wrapper.framework; path = TwitterCore.framework; sourceTree = "<group>"; };
		B7D634771C91E1AE00F5FEB9 /* LogInWithPhoneViewController.swift */ = {isa = PBXFileReference; fileEncoding = 4; lastKnownFileType = sourcecode.swift; path = LogInWithPhoneViewController.swift; sourceTree = "<group>"; };
		B7DA1DEA1C97A8A30035AEA3 /* ChattingViewController.swift */ = {isa = PBXFileReference; fileEncoding = 4; lastKnownFileType = sourcecode.swift; path = ChattingViewController.swift; sourceTree = "<group>"; };
		B7DA1DEC1C97A96F0035AEA3 /* Message.swift */ = {isa = PBXFileReference; fileEncoding = 4; lastKnownFileType = sourcecode.swift; path = Message.swift; sourceTree = "<group>"; };
		B7E1EAB01C97B5970085E228 /* MessageTableViewCell.swift */ = {isa = PBXFileReference; fileEncoding = 4; lastKnownFileType = sourcecode.swift; path = MessageTableViewCell.swift; sourceTree = "<group>"; };
		B7E1EAC61C97DDBE0085E228 /* RightCellViewCell.swift */ = {isa = PBXFileReference; fileEncoding = 4; lastKnownFileType = sourcecode.swift; path = RightCellViewCell.swift; sourceTree = "<group>"; };
		B7E1EAF01C98417E0085E228 /* ConversationViewController.swift */ = {isa = PBXFileReference; fileEncoding = 4; lastKnownFileType = sourcecode.swift; name = ConversationViewController.swift; path = ../ConversationViewController.swift; sourceTree = "<group>"; };
		B7E1EB111C9957DB0085E228 /* ConfigChattingViewCell.swift */ = {isa = PBXFileReference; fileEncoding = 4; lastKnownFileType = sourcecode.swift; path = ConfigChattingViewCell.swift; sourceTree = "<group>"; };
		CC3110DD976929BE238247C3 /* Pods_Ours.framework */ = {isa = PBXFileReference; explicitFileType = wrapper.framework; includeInIndex = 0; path = Pods_Ours.framework; sourceTree = BUILT_PRODUCTS_DIR; };
/* End PBXFileReference section */

/* Begin PBXFrameworksBuildPhase section */
		B7A8B63E1C916FE500127C70 /* Frameworks */ = {
			isa = PBXFrameworksBuildPhase;
			buildActionMask = 2147483647;
			files = (
				AD02DA7A663DB6375D5BB71F /* Pods_Ours.framework in Frameworks */,
				B7D634761C91CD5400F5FEB9 /* TwitterCore.framework in Frameworks */,
				B7D634741C91CD5400F5FEB9 /* DigitsKit.framework in Frameworks */,
			);
			runOnlyForDeploymentPostprocessing = 0;
		};
/* End PBXFrameworksBuildPhase section */

/* Begin PBXGroup section */
		20482F92734B6DEB389EA2AE /* Pods */ = {
			isa = PBXGroup;
			children = (
				3857BA636D00BBB48E9E6AAF /* Pods-Ours.debug.xcconfig */,
				7722582DDAA68EBA20EA6522 /* Pods-Ours.release.xcconfig */,
			);
			name = Pods;
			sourceTree = "<group>";
		};
		54251849FD1A79E8DD053ABB /* Frameworks */ = {
			isa = PBXGroup;
			children = (
				B7D634711C91CD5400F5FEB9 /* DigitsKit.framework */,
				B7D634721C91CD5400F5FEB9 /* DigitsKitResources.bundle */,
				B7D634731C91CD5400F5FEB9 /* TwitterCore.framework */,
				CC3110DD976929BE238247C3 /* Pods_Ours.framework */,
			);
			name = Frameworks;
			sourceTree = "<group>";
		};
		B70F890B1C925AF400F9062F /* Extension */ = {
			isa = PBXGroup;
			children = (
				B79538AE1C93EBB20005C829 /* RoundImageView.swift */,
				B7B2002F1C9EE58C00B3AFD6 /* QueryDataBase.swift */,
			);
			name = Extension;
			sourceTree = "<group>";
		};
		B7A8B6381C916FE500127C70 = {
			isa = PBXGroup;
			children = (
				B7A8B6431C916FE500127C70 /* Ours */,
				B7A8B6421C916FE500127C70 /* Products */,
				20482F92734B6DEB389EA2AE /* Pods */,
				54251849FD1A79E8DD053ABB /* Frameworks */,
			);
			sourceTree = "<group>";
		};
		B7A8B6421C916FE500127C70 /* Products */ = {
			isa = PBXGroup;
			children = (
				B7A8B6411C916FE500127C70 /* Ours.app */,
			);
			name = Products;
			sourceTree = "<group>";
		};
		B7A8B6431C916FE500127C70 /* Ours */ = {
			isa = PBXGroup;
			children = (
				B7B200361C9FCA8F00B3AFD6 /* Model */,
				B7B200351C9FCA7D00B3AFD6 /* View */,
				B7E1EAF21C985FFD0085E228 /* test */,
				B7B200331C9FC1E200B3AFD6 /* ViewController */,
				B70F890B1C925AF400F9062F /* Extension */,
				B7A8B6441C916FE500127C70 /* AppDelegate.swift */,
				B7A8B6481C916FE500127C70 /* Main.storyboard */,
				B7E1EAC61C97DDBE0085E228 /* RightCellViewCell.swift */,
				B7A8B64B1C916FE500127C70 /* Assets.xcassets */,
				B7A8B64D1C916FE500127C70 /* LaunchScreen.storyboard */,
				B7A8B6501C916FE500127C70 /* Info.plist */,
				B70F89091C92596800F9062F /* OursConfig.swift */,
				B7B200311C9EFBC300B3AFD6 /* OursConstants.swift */,
				B7E1EAF01C98417E0085E228 /* ConversationViewController.swift */,
				B70F890E1C927D8A00F9062F /* OurHomeTabBarController.swift */,
				B79538A81C93C9940005C829 /* OursUserDefault.swift */,
				B79538B21C95345A0005C829 /* OursAlert.swift */,
				B7DA1DEA1C97A8A30035AEA3 /* ChattingViewController.swift */,
				B7E1EB111C9957DB0085E228 /* ConfigChattingViewCell.swift */,
				B7E1EAB01C97B5970085E228 /* MessageTableViewCell.swift */,
			);
			path = Ours;
			sourceTree = "<group>";
		};
		B7B200331C9FC1E200B3AFD6 /* ViewController */ = {
			isa = PBXGroup;
			children = (
				B7B200341C9FC20100B3AFD6 /* LogInAndRegister */,
			);
			name = ViewController;
			sourceTree = "<group>";
		};
		B7B200341C9FC20100B3AFD6 /* LogInAndRegister */ = {
			isa = PBXGroup;
			children = (
				B79538B41C9543FF0005C829 /* PickNickNameViewController.swift */,
				B7D634771C91E1AE00F5FEB9 /* LogInWithPhoneViewController.swift */,
				B79538B01C952C000005C829 /* PickAvatarViewController.swift */,
			);
			name = LogInAndRegister;
			sourceTree = "<group>";
		};
		B7B200351C9FCA7D00B3AFD6 /* View */ = {
			isa = PBXGroup;
			children = (
			);
			name = View;
			sourceTree = "<group>";
		};
		B7B200361C9FCA8F00B3AFD6 /* Model */ = {
			isa = PBXGroup;
			children = (
			);
			name = Model;
			sourceTree = "<group>";
		};
		B7E1EAF21C985FFD0085E228 /* test */ = {
			isa = PBXGroup;
			children = (
				B7DA1DEC1C97A96F0035AEA3 /* Message.swift */,
			);
			name = test;
			sourceTree = "<group>";
		};
/* End PBXGroup section */

/* Begin PBXNativeTarget section */
		B7A8B6401C916FE500127C70 /* Ours */ = {
			isa = PBXNativeTarget;
			buildConfigurationList = B7A8B6531C916FE500127C70 /* Build configuration list for PBXNativeTarget "Ours" */;
			buildPhases = (
				7E30D49C1752748CF1FDB05C /* Check Pods Manifest.lock */,
				B7A8B63D1C916FE500127C70 /* Sources */,
				B7A8B63E1C916FE500127C70 /* Frameworks */,
				B7A8B63F1C916FE500127C70 /* Resources */,
				AB8448334AF56264D2DC3B05 /* Embed Pods Frameworks */,
				D00715823F4BDCD0AB29EB27 /* Copy Pods Resources */,
				B7D634701C91CCC800F5FEB9 /* ShellScript */,
			);
			buildRules = (
			);
			dependencies = (
			);
			name = Ours;
			productName = Ours;
			productReference = B7A8B6411C916FE500127C70 /* Ours.app */;
			productType = "com.apple.product-type.application";
		};
/* End PBXNativeTarget section */

/* Begin PBXProject section */
		B7A8B6391C916FE500127C70 /* Project object */ = {
			isa = PBXProject;
			attributes = {
				LastSwiftUpdateCheck = 0720;
				LastUpgradeCheck = 0720;
				ORGANIZATIONNAME = com.kyleruan;
				TargetAttributes = {
					B7A8B6401C916FE500127C70 = {
						CreatedOnToolsVersion = 7.2;
						DevelopmentTeam = F98L43TZJ8;
					};
				};
			};
			buildConfigurationList = B7A8B63C1C916FE500127C70 /* Build configuration list for PBXProject "Ours" */;
			compatibilityVersion = "Xcode 3.2";
			developmentRegion = English;
			hasScannedForEncodings = 0;
			knownRegions = (
				en,
				Base,
			);
			mainGroup = B7A8B6381C916FE500127C70;
			productRefGroup = B7A8B6421C916FE500127C70 /* Products */;
			projectDirPath = "";
			projectRoot = "";
			targets = (
				B7A8B6401C916FE500127C70 /* Ours */,
			);
		};
/* End PBXProject section */

/* Begin PBXResourcesBuildPhase section */
		B7A8B63F1C916FE500127C70 /* Resources */ = {
			isa = PBXResourcesBuildPhase;
			buildActionMask = 2147483647;
			files = (
				B7D634751C91CD5400F5FEB9 /* DigitsKitResources.bundle in Resources */,
				B7A8B64F1C916FE500127C70 /* LaunchScreen.storyboard in Resources */,
				B7A8B64C1C916FE500127C70 /* Assets.xcassets in Resources */,
				B7A8B64A1C916FE500127C70 /* Main.storyboard in Resources */,
			);
			runOnlyForDeploymentPostprocessing = 0;
		};
/* End PBXResourcesBuildPhase section */

/* Begin PBXShellScriptBuildPhase section */
		7E30D49C1752748CF1FDB05C /* Check Pods Manifest.lock */ = {
			isa = PBXShellScriptBuildPhase;
			buildActionMask = 2147483647;
			files = (
			);
			inputPaths = (
			);
			name = "Check Pods Manifest.lock";
			outputPaths = (
			);
			runOnlyForDeploymentPostprocessing = 0;
			shellPath = /bin/sh;
			shellScript = "diff \"${PODS_ROOT}/../Podfile.lock\" \"${PODS_ROOT}/Manifest.lock\" > /dev/null\nif [[ $? != 0 ]] ; then\n    cat << EOM\nerror: The sandbox is not in sync with the Podfile.lock. Run 'pod install' or update your CocoaPods installation.\nEOM\n    exit 1\nfi\n";
			showEnvVarsInLog = 0;
		};
		AB8448334AF56264D2DC3B05 /* Embed Pods Frameworks */ = {
			isa = PBXShellScriptBuildPhase;
			buildActionMask = 2147483647;
			files = (
			);
			inputPaths = (
			);
			name = "Embed Pods Frameworks";
			outputPaths = (
			);
			runOnlyForDeploymentPostprocessing = 0;
			shellPath = /bin/sh;
			shellScript = "\"${SRCROOT}/Pods/Target Support Files/Pods-Ours/Pods-Ours-frameworks.sh\"\n";
			showEnvVarsInLog = 0;
		};
		B7D634701C91CCC800F5FEB9 /* ShellScript */ = {
			isa = PBXShellScriptBuildPhase;
			buildActionMask = 2147483647;
			files = (
			);
			inputPaths = (
			);
			outputPaths = (
			);
			runOnlyForDeploymentPostprocessing = 0;
			shellPath = /bin/sh;
			shellScript = "./Fabric.framework/run 8c59ce2ef539f97ffce3d652fab71f653a097762 389cdd876cdca6cf33dffe751b4445f2c4169af0bf71441b99349e1261baa0ab";
		};
		D00715823F4BDCD0AB29EB27 /* Copy Pods Resources */ = {
			isa = PBXShellScriptBuildPhase;
			buildActionMask = 2147483647;
			files = (
			);
			inputPaths = (
			);
			name = "Copy Pods Resources";
			outputPaths = (
			);
			runOnlyForDeploymentPostprocessing = 0;
			shellPath = /bin/sh;
			shellScript = "\"${SRCROOT}/Pods/Target Support Files/Pods-Ours/Pods-Ours-resources.sh\"\n";
			showEnvVarsInLog = 0;
		};
/* End PBXShellScriptBuildPhase section */

/* Begin PBXSourcesBuildPhase section */
		B7A8B63D1C916FE500127C70 /* Sources */ = {
			isa = PBXSourcesBuildPhase;
			buildActionMask = 2147483647;
			files = (
				B7D634781C91E1AE00F5FEB9 /* LogInWithPhoneViewController.swift in Sources */,
				B79538B31C95345A0005C829 /* OursAlert.swift in Sources */,
				B7E1EAF11C98417E0085E228 /* ConversationViewController.swift in Sources */,
				B7E1EAC71C97DDBE0085E228 /* RightCellViewCell.swift in Sources */,
				B79538B11C952C000005C829 /* PickAvatarViewController.swift in Sources */,
				B70F890A1C92596800F9062F /* OursConfig.swift in Sources */,
				B79538A91C93C9940005C829 /* OursUserDefault.swift in Sources */,
				B7B200301C9EE58C00B3AFD6 /* QueryDataBase.swift in Sources */,
				B79538AF1C93EBB20005C829 /* RoundImageView.swift in Sources */,
				B7E1EAB11C97B5970085E228 /* MessageTableViewCell.swift in Sources */,
				B7E1EB121C9957DB0085E228 /* ConfigChattingViewCell.swift in Sources */,
				B7A8B6451C916FE500127C70 /* AppDelegate.swift in Sources */,
				B79538B51C9543FF0005C829 /* PickNickNameViewController.swift in Sources */,
				B7DA1DED1C97A96F0035AEA3 /* Message.swift in Sources */,
				B7DA1DEB1C97A8A30035AEA3 /* ChattingViewController.swift in Sources */,
				B7B200321C9EFBC300B3AFD6 /* OursConstants.swift in Sources */,
				B70F890F1C927D8A00F9062F /* OurHomeTabBarController.swift in Sources */,
			);
			runOnlyForDeploymentPostprocessing = 0;
		};
/* End PBXSourcesBuildPhase section */

/* Begin PBXVariantGroup section */
		B7A8B6481C916FE500127C70 /* Main.storyboard */ = {
			isa = PBXVariantGroup;
			children = (
				B7A8B6491C916FE500127C70 /* Base */,
			);
			name = Main.storyboard;
			sourceTree = "<group>";
		};
		B7A8B64D1C916FE500127C70 /* LaunchScreen.storyboard */ = {
			isa = PBXVariantGroup;
			children = (
				B7A8B64E1C916FE500127C70 /* Base */,
			);
			name = LaunchScreen.storyboard;
			sourceTree = "<group>";
		};
/* End PBXVariantGroup section */

/* Begin XCBuildConfiguration section */
		B7A8B6511C916FE500127C70 /* Debug */ = {
			isa = XCBuildConfiguration;
			buildSettings = {
				ALWAYS_SEARCH_USER_PATHS = NO;
				CLANG_CXX_LANGUAGE_STANDARD = "gnu++0x";
				CLANG_CXX_LIBRARY = "libc++";
				CLANG_ENABLE_MODULES = YES;
				CLANG_ENABLE_OBJC_ARC = YES;
				CLANG_WARN_BOOL_CONVERSION = YES;
				CLANG_WARN_CONSTANT_CONVERSION = YES;
				CLANG_WARN_DIRECT_OBJC_ISA_USAGE = YES_ERROR;
				CLANG_WARN_EMPTY_BODY = YES;
				CLANG_WARN_ENUM_CONVERSION = YES;
				CLANG_WARN_INT_CONVERSION = YES;
				CLANG_WARN_OBJC_ROOT_CLASS = YES_ERROR;
				CLANG_WARN_UNREACHABLE_CODE = YES;
				CLANG_WARN__DUPLICATE_METHOD_MATCH = YES;
				CODE_SIGN_IDENTITY = "";
				"CODE_SIGN_IDENTITY[sdk=iphoneos*]" = "iPhone Developer";
				COPY_PHASE_STRIP = NO;
				DEBUG_INFORMATION_FORMAT = "dwarf-with-dsym";
				ENABLE_STRICT_OBJC_MSGSEND = YES;
				ENABLE_TESTABILITY = YES;
				GCC_C_LANGUAGE_STANDARD = gnu99;
				GCC_DYNAMIC_NO_PIC = NO;
				GCC_NO_COMMON_BLOCKS = YES;
				GCC_OPTIMIZATION_LEVEL = 0;
				GCC_PREPROCESSOR_DEFINITIONS = (
					"DEBUG=1",
					"$(inherited)",
				);
				GCC_WARN_64_TO_32_BIT_CONVERSION = YES;
				GCC_WARN_ABOUT_RETURN_TYPE = YES_ERROR;
				GCC_WARN_UNDECLARED_SELECTOR = YES;
				GCC_WARN_UNINITIALIZED_AUTOS = YES_AGGRESSIVE;
				GCC_WARN_UNUSED_FUNCTION = YES;
				GCC_WARN_UNUSED_VARIABLE = YES;
				IPHONEOS_DEPLOYMENT_TARGET = 9.2;
				MTL_ENABLE_DEBUG_INFO = YES;
				ONLY_ACTIVE_ARCH = YES;
				SDKROOT = iphoneos;
				SWIFT_OPTIMIZATION_LEVEL = "-Onone";
			};
			name = Debug;
		};
		B7A8B6521C916FE500127C70 /* Release */ = {
			isa = XCBuildConfiguration;
			buildSettings = {
				ALWAYS_SEARCH_USER_PATHS = NO;
				CLANG_CXX_LANGUAGE_STANDARD = "gnu++0x";
				CLANG_CXX_LIBRARY = "libc++";
				CLANG_ENABLE_MODULES = YES;
				CLANG_ENABLE_OBJC_ARC = YES;
				CLANG_WARN_BOOL_CONVERSION = YES;
				CLANG_WARN_CONSTANT_CONVERSION = YES;
				CLANG_WARN_DIRECT_OBJC_ISA_USAGE = YES_ERROR;
				CLANG_WARN_EMPTY_BODY = YES;
				CLANG_WARN_ENUM_CONVERSION = YES;
				CLANG_WARN_INT_CONVERSION = YES;
				CLANG_WARN_OBJC_ROOT_CLASS = YES_ERROR;
				CLANG_WARN_UNREACHABLE_CODE = YES;
				CLANG_WARN__DUPLICATE_METHOD_MATCH = YES;
				"CODE_SIGN_IDENTITY[sdk=iphoneos*]" = "iPhone Developer";
				COPY_PHASE_STRIP = NO;
				DEBUG_INFORMATION_FORMAT = "dwarf-with-dsym";
				ENABLE_NS_ASSERTIONS = NO;
				ENABLE_STRICT_OBJC_MSGSEND = YES;
				GCC_C_LANGUAGE_STANDARD = gnu99;
				GCC_NO_COMMON_BLOCKS = YES;
				GCC_WARN_64_TO_32_BIT_CONVERSION = YES;
				GCC_WARN_ABOUT_RETURN_TYPE = YES_ERROR;
				GCC_WARN_UNDECLARED_SELECTOR = YES;
				GCC_WARN_UNINITIALIZED_AUTOS = YES_AGGRESSIVE;
				GCC_WARN_UNUSED_FUNCTION = YES;
				GCC_WARN_UNUSED_VARIABLE = YES;
				IPHONEOS_DEPLOYMENT_TARGET = 9.2;
				MTL_ENABLE_DEBUG_INFO = NO;
				SDKROOT = iphoneos;
				VALIDATE_PRODUCT = YES;
			};
			name = Release;
		};
		B7A8B6541C916FE500127C70 /* Debug */ = {
			isa = XCBuildConfiguration;
			baseConfigurationReference = 3857BA636D00BBB48E9E6AAF /* Pods-Ours.debug.xcconfig */;
			buildSettings = {
				ASSETCATALOG_COMPILER_APPICON_NAME = AppIcon;
				CODE_SIGN_IDENTITY = "iPhone Developer";
				"CODE_SIGN_IDENTITY[sdk=iphoneos*]" = "iPhone Developer";
				FRAMEWORK_SEARCH_PATHS = (
					"$(inherited)",
					"$(PROJECT_DIR)",
				);
				INFOPLIST_FILE = Ours/Info.plist;
				IPHONEOS_DEPLOYMENT_TARGET = 8.0;
				LD_RUNPATH_SEARCH_PATHS = "$(inherited) @executable_path/Frameworks";
				PRODUCT_BUNDLE_IDENTIFIER = RuanKai.Our;
				PRODUCT_NAME = "$(TARGET_NAME)";
			};
			name = Debug;
		};
		B7A8B6551C916FE500127C70 /* Release */ = {
			isa = XCBuildConfiguration;
			baseConfigurationReference = 7722582DDAA68EBA20EA6522 /* Pods-Ours.release.xcconfig */;
			buildSettings = {
				ASSETCATALOG_COMPILER_APPICON_NAME = AppIcon;
				CODE_SIGN_IDENTITY = "iPhone Developer";
				"CODE_SIGN_IDENTITY[sdk=iphoneos*]" = "iPhone Developer";
				FRAMEWORK_SEARCH_PATHS = (
					"$(inherited)",
					"$(PROJECT_DIR)",
				);
				INFOPLIST_FILE = Ours/Info.plist;
				IPHONEOS_DEPLOYMENT_TARGET = 8.0;
				LD_RUNPATH_SEARCH_PATHS = "$(inherited) @executable_path/Frameworks";
				PRODUCT_BUNDLE_IDENTIFIER = RuanKai.Our;
				PRODUCT_NAME = "$(TARGET_NAME)";
			};
			name = Release;
		};
/* End XCBuildConfiguration section */

/* Begin XCConfigurationList section */
		B7A8B63C1C916FE500127C70 /* Build configuration list for PBXProject "Ours" */ = {
			isa = XCConfigurationList;
			buildConfigurations = (
				B7A8B6511C916FE500127C70 /* Debug */,
				B7A8B6521C916FE500127C70 /* Release */,
			);
			defaultConfigurationIsVisible = 0;
			defaultConfigurationName = Release;
		};
		B7A8B6531C916FE500127C70 /* Build configuration list for PBXNativeTarget "Ours" */ = {
			isa = XCConfigurationList;
			buildConfigurations = (
				B7A8B6541C916FE500127C70 /* Debug */,
				B7A8B6551C916FE500127C70 /* Release */,
			);
			defaultConfigurationIsVisible = 0;
			defaultConfigurationName = Release;
		};
/* End XCConfigurationList section */
	};
	rootObject = B7A8B6391C916FE500127C70 /* Project object */;
}
